
Microsoft Visual Studio Solution File, Format Version 12.00
# Visual Studio Version 16
VisualStudioVersion = 16.0.31605.320
MinimumVisualStudioVersion = 10.0.40219.1
Project("{FAE04EC0-301F-11D3-BF4B-00C04F79EFBC}") = "DailyReport", "DailyReport.csproj", "{4160D854-3D19-4170-892D-8665FE135935}"
EndProject
Global
	GlobalSection(SolutionConfigurationPlatforms) = preSolution
		Debug|Any CPU = Debug|Any CPU
		Release|Any CPU = Release|Any CPU
	EndGlobalSection
	GlobalSection(ProjectConfigurationPlatforms) = postSolution
		{4160D854-3D19-4170-892D-8665FE135935}.Debug|Any CPU.ActiveCfg = Debug|Any CPU
		{4160D854-3D19-4170-892D-8665FE135935}.Debug|Any CPU.Build.0 = Debug|Any CPU
		{4160D854-3D19-4170-892D-8665FE135935}.Release|Any CPU.ActiveCfg = Release|Any CPU
		{4160D854-3D19-4170-892D-8665FE135935}.Release|Any CPU.Build.0 = Release|Any CPU
	EndGlobalSection
	GlobalSection(SolutionProperties) = preSolution
		HideSolutionNode = FALSE
	EndGlobalSection
	GlobalSection(ExtensibilityGlobals) = postSolution
		SolutionGuid = {E4331881-5C56-4841-A231-DA5B040DACDB}
	EndGlobalSection
EndGlobal
