
Microsoft Visual Studio Solution File, Format Version 12.00
# Visual Studio Version 16
VisualStudioVersion = 16.0.31605.320
MinimumVisualStudioVersion = 10.0.40219.1
Project("{FAE04EC0-301F-11D3-BF4B-00C04F79EFBC}") = "Method3", "Method3.csproj", "{F2D6FC61-1FBB-49E7-8205-53B32F427537}"
EndProject
Global
	GlobalSection(SolutionConfigurationPlatforms) = preSolution
		Debug|Any CPU = Debug|Any CPU
		Release|Any CPU = Release|Any CPU
	EndGlobalSection
	GlobalSection(ProjectConfigurationPlatforms) = postSolution
		{F2D6FC61-1FBB-49E7-8205-53B32F427537}.Debug|Any CPU.ActiveCfg = Debug|Any CPU
		{F2D6FC61-1FBB-49E7-8205-53B32F427537}.Debug|Any CPU.Build.0 = Debug|Any CPU
		{F2D6FC61-1FBB-49E7-8205-53B32F427537}.Release|Any CPU.ActiveCfg = Release|Any CPU
		{F2D6FC61-1FBB-49E7-8205-53B32F427537}.Release|Any CPU.Build.0 = Release|Any CPU
	EndGlobalSection
	GlobalSection(SolutionProperties) = preSolution
		HideSolutionNode = FALSE
	EndGlobalSection
	GlobalSection(ExtensibilityGlobals) = postSolution
		SolutionGuid = {C1729965-054B-46AA-A453-DCAC7CCC52EB}
	EndGlobalSection
EndGlobal
