
Microsoft Visual Studio Solution File, Format Version 12.00
# Visual Studio Version 16
VisualStudioVersion = 16.0.31605.320
MinimumVisualStudioVersion = 10.0.40219.1
Project("{FAE04EC0-301F-11D3-BF4B-00C04F79EFBC}") = "MethodObject", "MethodObject.csproj", "{846EB429-9BAC-4ECB-83A7-20B8EDE9CBB8}"
EndProject
Global
	GlobalSection(SolutionConfigurationPlatforms) = preSolution
		Debug|Any CPU = Debug|Any CPU
		Release|Any CPU = Release|Any CPU
	EndGlobalSection
	GlobalSection(ProjectConfigurationPlatforms) = postSolution
		{846EB429-9BAC-4ECB-83A7-20B8EDE9CBB8}.Debug|Any CPU.ActiveCfg = Debug|Any CPU
		{846EB429-9BAC-4ECB-83A7-20B8EDE9CBB8}.Debug|Any CPU.Build.0 = Debug|Any CPU
		{846EB429-9BAC-4ECB-83A7-20B8EDE9CBB8}.Release|Any CPU.ActiveCfg = Release|Any CPU
		{846EB429-9BAC-4ECB-83A7-20B8EDE9CBB8}.Release|Any CPU.Build.0 = Release|Any CPU
	EndGlobalSection
	GlobalSection(SolutionProperties) = preSolution
		HideSolutionNode = FALSE
	EndGlobalSection
	GlobalSection(ExtensibilityGlobals) = postSolution
		SolutionGuid = {375F3CE9-BEC8-442F-90FE-D96A977FFCE1}
	EndGlobalSection
EndGlobal
