
Microsoft Visual Studio Solution File, Format Version 12.00
# Visual Studio Version 16
VisualStudioVersion = 16.0.31605.320
MinimumVisualStudioVersion = 10.0.40219.1
Project("{FAE04EC0-301F-11D3-BF4B-00C04F79EFBC}") = "TryCatchFinally", "TryCatchFinally.csproj", "{A9875C61-C0EE-4E25-9847-FA28B79913C7}"
EndProject
Global
	GlobalSection(SolutionConfigurationPlatforms) = preSolution
		Debug|Any CPU = Debug|Any CPU
		Release|Any CPU = Release|Any CPU
	EndGlobalSection
	GlobalSection(ProjectConfigurationPlatforms) = postSolution
		{A9875C61-C0EE-4E25-9847-FA28B79913C7}.Debug|Any CPU.ActiveCfg = Debug|Any CPU
		{A9875C61-C0EE-4E25-9847-FA28B79913C7}.Debug|Any CPU.Build.0 = Debug|Any CPU
		{A9875C61-C0EE-4E25-9847-FA28B79913C7}.Release|Any CPU.ActiveCfg = Release|Any CPU
		{A9875C61-C0EE-4E25-9847-FA28B79913C7}.Release|Any CPU.Build.0 = Release|Any CPU
	EndGlobalSection
	GlobalSection(SolutionProperties) = preSolution
		HideSolutionNode = FALSE
	EndGlobalSection
	GlobalSection(ExtensibilityGlobals) = postSolution
		SolutionGuid = {F3036D90-BFF4-4027-AFE3-8BD9465211BD}
	EndGlobalSection
EndGlobal
