
Microsoft Visual Studio Solution File, Format Version 12.00
# Visual Studio Version 16
VisualStudioVersion = 16.0.31605.320
MinimumVisualStudioVersion = 10.0.40219.1
Project("{FAE04EC0-301F-11D3-BF4B-00C04F79EFBC}") = "1DArray", "1DArray.csproj", "{F654AD91-062B-47EE-A687-BF15881328D3}"
EndProject
Global
	GlobalSection(SolutionConfigurationPlatforms) = preSolution
		Debug|Any CPU = Debug|Any CPU
		Release|Any CPU = Release|Any CPU
	EndGlobalSection
	GlobalSection(ProjectConfigurationPlatforms) = postSolution
		{F654AD91-062B-47EE-A687-BF15881328D3}.Debug|Any CPU.ActiveCfg = Debug|Any CPU
		{F654AD91-062B-47EE-A687-BF15881328D3}.Debug|Any CPU.Build.0 = Debug|Any CPU
		{F654AD91-062B-47EE-A687-BF15881328D3}.Release|Any CPU.ActiveCfg = Release|Any CPU
		{F654AD91-062B-47EE-A687-BF15881328D3}.Release|Any CPU.Build.0 = Release|Any CPU
	EndGlobalSection
	GlobalSection(SolutionProperties) = preSolution
		HideSolutionNode = FALSE
	EndGlobalSection
	GlobalSection(ExtensibilityGlobals) = postSolution
		SolutionGuid = {48327306-A4E2-4C95-9DA8-3F63A63BA767}
	EndGlobalSection
EndGlobal
