
Microsoft Visual Studio Solution File, Format Version 12.00
# Visual Studio Version 16
VisualStudioVersion = 16.0.31605.320
MinimumVisualStudioVersion = 10.0.40219.1
Project("{FAE04EC0-301F-11D3-BF4B-00C04F79EFBC}") = "TechAcadStudentsMVC", "TechAcadStudentsMVC.csproj", "{8F09C6E2-B298-48CA-9ED8-20039A2D2975}"
EndProject
Global
	GlobalSection(SolutionConfigurationPlatforms) = preSolution
		Debug|Any CPU = Debug|Any CPU
		Release|Any CPU = Release|Any CPU
	EndGlobalSection
	GlobalSection(ProjectConfigurationPlatforms) = postSolution
		{8F09C6E2-B298-48CA-9ED8-20039A2D2975}.Debug|Any CPU.ActiveCfg = Debug|Any CPU
		{8F09C6E2-B298-48CA-9ED8-20039A2D2975}.Debug|Any CPU.Build.0 = Debug|Any CPU
		{8F09C6E2-B298-48CA-9ED8-20039A2D2975}.Release|Any CPU.ActiveCfg = Release|Any CPU
		{8F09C6E2-B298-48CA-9ED8-20039A2D2975}.Release|Any CPU.Build.0 = Release|Any CPU
	EndGlobalSection
	GlobalSection(SolutionProperties) = preSolution
		HideSolutionNode = FALSE
	EndGlobalSection
	GlobalSection(ExtensibilityGlobals) = postSolution
		SolutionGuid = {46F4E882-2DD1-4004-86D5-AC09A1CF2C4F}
	EndGlobalSection
EndGlobal
