
Microsoft Visual Studio Solution File, Format Version 12.00
# Visual Studio Version 16
VisualStudioVersion = 16.0.31605.320
MinimumVisualStudioVersion = 10.0.40219.1
Project("{FAE04EC0-301F-11D3-BF4B-00C04F79EFBC}") = "part5_6", "part5_6.csproj", "{4F266E33-F1E6-40B7-9F95-B8FFD4286F44}"
EndProject
Global
	GlobalSection(SolutionConfigurationPlatforms) = preSolution
		Debug|Any CPU = Debug|Any CPU
		Release|Any CPU = Release|Any CPU
	EndGlobalSection
	GlobalSection(ProjectConfigurationPlatforms) = postSolution
		{4F266E33-F1E6-40B7-9F95-B8FFD4286F44}.Debug|Any CPU.ActiveCfg = Debug|Any CPU
		{4F266E33-F1E6-40B7-9F95-B8FFD4286F44}.Debug|Any CPU.Build.0 = Debug|Any CPU
		{4F266E33-F1E6-40B7-9F95-B8FFD4286F44}.Release|Any CPU.ActiveCfg = Release|Any CPU
		{4F266E33-F1E6-40B7-9F95-B8FFD4286F44}.Release|Any CPU.Build.0 = Release|Any CPU
	EndGlobalSection
	GlobalSection(SolutionProperties) = preSolution
		HideSolutionNode = FALSE
	EndGlobalSection
	GlobalSection(ExtensibilityGlobals) = postSolution
		SolutionGuid = {810DCCB8-5F74-46E1-AA1D-D044924350DC}
	EndGlobalSection
EndGlobal
