
Microsoft Visual Studio Solution File, Format Version 12.00
# Visual Studio Version 16
VisualStudioVersion = 16.0.31605.320
MinimumVisualStudioVersion = 10.0.40219.1
Project("{FAE04EC0-301F-11D3-BF4B-00C04F79EFBC}") = "InsuranceApplication", "InsuranceApplication.csproj", "{D7A7F977-4E49-4318-B479-B98338A7EA0A}"
EndProject
Global
	GlobalSection(SolutionConfigurationPlatforms) = preSolution
		Debug|Any CPU = Debug|Any CPU
		Release|Any CPU = Release|Any CPU
	EndGlobalSection
	GlobalSection(ProjectConfigurationPlatforms) = postSolution
		{D7A7F977-4E49-4318-B479-B98338A7EA0A}.Debug|Any CPU.ActiveCfg = Debug|Any CPU
		{D7A7F977-4E49-4318-B479-B98338A7EA0A}.Debug|Any CPU.Build.0 = Debug|Any CPU
		{D7A7F977-4E49-4318-B479-B98338A7EA0A}.Release|Any CPU.ActiveCfg = Release|Any CPU
		{D7A7F977-4E49-4318-B479-B98338A7EA0A}.Release|Any CPU.Build.0 = Release|Any CPU
	EndGlobalSection
	GlobalSection(SolutionProperties) = preSolution
		HideSolutionNode = FALSE
	EndGlobalSection
	GlobalSection(ExtensibilityGlobals) = postSolution
		SolutionGuid = {0CD33C33-AD54-443F-BF63-5E0BA0B3186F}
	EndGlobalSection
EndGlobal
