
Microsoft Visual Studio Solution File, Format Version 12.00
# Visual Studio Version 16
VisualStudioVersion = 16.0.31605.320
MinimumVisualStudioVersion = 10.0.40219.1
Project("{FAE04EC0-301F-11D3-BF4B-00C04F79EFBC}") = "Class", "Class.csproj", "{6460F09E-812E-4DAD-A80F-9A827935643E}"
EndProject
Global
	GlobalSection(SolutionConfigurationPlatforms) = preSolution
		Debug|Any CPU = Debug|Any CPU
		Release|Any CPU = Release|Any CPU
	EndGlobalSection
	GlobalSection(ProjectConfigurationPlatforms) = postSolution
		{6460F09E-812E-4DAD-A80F-9A827935643E}.Debug|Any CPU.ActiveCfg = Debug|Any CPU
		{6460F09E-812E-4DAD-A80F-9A827935643E}.Debug|Any CPU.Build.0 = Debug|Any CPU
		{6460F09E-812E-4DAD-A80F-9A827935643E}.Release|Any CPU.ActiveCfg = Release|Any CPU
		{6460F09E-812E-4DAD-A80F-9A827935643E}.Release|Any CPU.Build.0 = Release|Any CPU
	EndGlobalSection
	GlobalSection(SolutionProperties) = preSolution
		HideSolutionNode = FALSE
	EndGlobalSection
	GlobalSection(ExtensibilityGlobals) = postSolution
		SolutionGuid = {E853B38A-2378-4987-95A8-A6F8266DB3D0}
	EndGlobalSection
EndGlobal
